
Microsoft Visual Studio Solution File, Format Version 12.00
# Visual Studio Version 16
VisualStudioVersion = 16.0.30104.148
MinimumVisualStudioVersion = 10.0.40219.1
Project("{FAE04EC0-301F-11D3-BF4B-00C04F79EFBC}") = "FlightSimulator", "FlightSimulator\FlightSimulator.csproj", "{B8ABBF92-5923-4F49-9A67-357E85473221}"
EndProject
Global
	GlobalSection(SolutionConfigurationPlatforms) = preSolution
		Debug|Any CPU = Debug|Any CPU
		Release|Any CPU = Release|Any CPU
	EndGlobalSection
	GlobalSection(ProjectConfigurationPlatforms) = postSolution
		{B8ABBF92-5923-4F49-9A67-357E85473221}.Debug|Any CPU.ActiveCfg = Debug|Any CPU
		{B8ABBF92-5923-4F49-9A67-357E85473221}.Debug|Any CPU.Build.0 = Debug|Any CPU
		{B8ABBF92-5923-4F49-9A67-357E85473221}.Release|Any CPU.ActiveCfg = Release|Any CPU
		{B8ABBF92-5923-4F49-9A67-357E85473221}.Release|Any CPU.Build.0 = Release|Any CPU
	EndGlobalSection
	GlobalSection(SolutionProperties) = preSolution
		HideSolutionNode = FALSE
	EndGlobalSection
	GlobalSection(ExtensibilityGlobals) = postSolution
		SolutionGuid = {E022072D-59E8-48D3-935D-8903A546BE6F}
	EndGlobalSection
EndGlobal
